
Microsoft Visual Studio Solution File, Format Version 12.00
# Visual Studio Version 17
VisualStudioVersion = 17.6.33801.468
MinimumVisualStudioVersion = 10.0.40219.1
Project("{FAE04EC0-301F-11D3-BF4B-00C04F79EFBC}") = "ProyectoTravelNestG6", "ProyectoTravelNestG6\ProyectoTravelNestG6.csproj", "{55DB4C37-7C55-43D1-A9C0-3E159DE1B06B}"
EndProject
Project("{FAE04EC0-301F-11D3-BF4B-00C04F79EFBC}") = "Datos", "Datos\Datos.csproj", "{C569E466-B4F1-4106-BEE3-C6301AD74E2B}"
EndProject
Project("{FAE04EC0-301F-11D3-BF4B-00C04F79EFBC}") = "Negocios", "Negocios\Negocios.csproj", "{8D410DDF-4487-47BC-B841-001121F73F48}"
EndProject
Project("{FAE04EC0-301F-11D3-BF4B-00C04F79EFBC}") = "Entidades", "Entidades\Entidades.csproj", "{58F7C0A4-68A6-48F4-AB19-88AEF5812D8F}"
EndProject
Global
	GlobalSection(SolutionConfigurationPlatforms) = preSolution
		Debug|Any CPU = Debug|Any CPU
		Release|Any CPU = Release|Any CPU
	EndGlobalSection
	GlobalSection(ProjectConfigurationPlatforms) = postSolution
		{55DB4C37-7C55-43D1-A9C0-3E159DE1B06B}.Debug|Any CPU.ActiveCfg = Debug|Any CPU
		{55DB4C37-7C55-43D1-A9C0-3E159DE1B06B}.Debug|Any CPU.Build.0 = Debug|Any CPU
		{55DB4C37-7C55-43D1-A9C0-3E159DE1B06B}.Release|Any CPU.ActiveCfg = Release|Any CPU
		{55DB4C37-7C55-43D1-A9C0-3E159DE1B06B}.Release|Any CPU.Build.0 = Release|Any CPU
		{C569E466-B4F1-4106-BEE3-C6301AD74E2B}.Debug|Any CPU.ActiveCfg = Debug|Any CPU
		{C569E466-B4F1-4106-BEE3-C6301AD74E2B}.Debug|Any CPU.Build.0 = Debug|Any CPU
		{C569E466-B4F1-4106-BEE3-C6301AD74E2B}.Release|Any CPU.ActiveCfg = Release|Any CPU
		{C569E466-B4F1-4106-BEE3-C6301AD74E2B}.Release|Any CPU.Build.0 = Release|Any CPU
		{8D410DDF-4487-47BC-B841-001121F73F48}.Debug|Any CPU.ActiveCfg = Debug|Any CPU
		{8D410DDF-4487-47BC-B841-001121F73F48}.Debug|Any CPU.Build.0 = Debug|Any CPU
		{8D410DDF-4487-47BC-B841-001121F73F48}.Release|Any CPU.ActiveCfg = Release|Any CPU
		{8D410DDF-4487-47BC-B841-001121F73F48}.Release|Any CPU.Build.0 = Release|Any CPU
		{58F7C0A4-68A6-48F4-AB19-88AEF5812D8F}.Debug|Any CPU.ActiveCfg = Debug|Any CPU
		{58F7C0A4-68A6-48F4-AB19-88AEF5812D8F}.Debug|Any CPU.Build.0 = Debug|Any CPU
		{58F7C0A4-68A6-48F4-AB19-88AEF5812D8F}.Release|Any CPU.ActiveCfg = Release|Any CPU
		{58F7C0A4-68A6-48F4-AB19-88AEF5812D8F}.Release|Any CPU.Build.0 = Release|Any CPU
	EndGlobalSection
	GlobalSection(SolutionProperties) = preSolution
		HideSolutionNode = FALSE
	EndGlobalSection
	GlobalSection(ExtensibilityGlobals) = postSolution
		SolutionGuid = {23359274-AEC2-4D68-9264-E4A23774CCCE}
	EndGlobalSection
EndGlobal
